
Microsoft Visual Studio Solution File, Format Version 12.00
# Visual Studio 2012
Project("{8BC9CEB8-8B4A-11D0-8D11-00A0C91BC942}") = "dot2jpg", "dot2jpg.vcxproj", "{123360A5-EDAC-4AF1-B4F2-A7E30944142E}"
EndProject
Global
	GlobalSection(SolutionConfigurationPlatforms) = preSolution
		Debug|Win32 = Debug|Win32
		Release|Win32 = Release|Win32
	EndGlobalSection
	GlobalSection(ProjectConfigurationPlatforms) = postSolution
		{123360A5-EDAC-4AF1-B4F2-A7E30944142E}.Debug|Win32.ActiveCfg = Debug|Win32
		{123360A5-EDAC-4AF1-B4F2-A7E30944142E}.Debug|Win32.Build.0 = Debug|Win32
		{123360A5-EDAC-4AF1-B4F2-A7E30944142E}.Release|Win32.ActiveCfg = Release|Win32
		{123360A5-EDAC-4AF1-B4F2-A7E30944142E}.Release|Win32.Build.0 = Release|Win32
	EndGlobalSection
	GlobalSection(SolutionProperties) = preSolution
		HideSolutionNode = FALSE
	EndGlobalSection
EndGlobal
